
Microsoft Visual Studio Solution File, Format Version 12.00
# Visual Studio Version 16
VisualStudioVersion = 16.0.29503.13
MinimumVisualStudioVersion = 10.0.40219.1
Project("{2150E333-8FDC-42A3-9474-1A3956D46DE8}") = "Core", "Core", "{338AD8C8-15FB-40C1-A369-94CC527EBA5D}"
EndProject
Project("{2150E333-8FDC-42A3-9474-1A3956D46DE8}") = "Tests", "Tests", "{A17F8125-B982-4995-86C4-1327095E8E60}"
EndProject
Project("{2150E333-8FDC-42A3-9474-1A3956D46DE8}") = "Experiments", "Experiments", "{2B3B7F4B-DA92-48A2-8C32-03348C943D69}"
EndProject
Project("{9A19103F-16F7-4668-BE54-9A1E7A4F7556}") = "LS.Server", "Core\Server\LS.Server\LS.Server.csproj", "{04FFA242-372E-4587-8997-5BA8C38D2A7D}"
EndProject
Project("{9A19103F-16F7-4668-BE54-9A1E7A4F7556}") = "LS.Server.Core", "Core\Server\LS.Server.Core\LS.Server.Core.csproj", "{33D83D0A-AE1F-46BE-868D-B4875D1DC350}"
EndProject
Project("{2150E333-8FDC-42A3-9474-1A3956D46DE8}") = "a. Server", "a. Server", "{54952173-55E6-4B1C-9C2A-214685D71048}"
EndProject
Project("{2150E333-8FDC-42A3-9474-1A3956D46DE8}") = "b. Commons", "b. Commons", "{1B795050-ADCC-4988-BB58-20980D1905AC}"
EndProject
Project("{2150E333-8FDC-42A3-9474-1A3956D46DE8}") = "a. DataAccess", "a. DataAccess", "{DA9AD078-D80F-42C0-9AB8-D3E46B9B8CDF}"
EndProject
Project("{2150E333-8FDC-42A3-9474-1A3956D46DE8}") = "b. Conventions", "b. Conventions", "{24FCD6F5-6975-4E67-8C46-BB8F913FC5CF}"
EndProject
Project("{2150E333-8FDC-42A3-9474-1A3956D46DE8}") = "c. Models", "c. Models", "{7522CE99-2C89-48E1-9BF2-F17C088F0AD1}"
EndProject
Project("{2150E333-8FDC-42A3-9474-1A3956D46DE8}") = "d. Extensions", "d. Extensions", "{FE75EDB0-6B36-423E-8311-BB7FBACFF655}"
EndProject
Project("{2150E333-8FDC-42A3-9474-1A3956D46DE8}") = "e. Proxies", "e. Proxies", "{3E16F7EF-693B-470F-B161-55CED04304F6}"
EndProject
Project("{2150E333-8FDC-42A3-9474-1A3956D46DE8}") = "f. Interfaces", "f. Interfaces", "{4082E62E-813F-44C8-BCF7-3AF6E38B48B7}"
EndProject
Project("{9A19103F-16F7-4668-BE54-9A1E7A4F7556}") = "LS.Conventions", "Core\Commons\LS.Conventions\LS.Conventions.csproj", "{C017F7F8-8ED0-40D9-9D58-FFD16DC4DF59}"
EndProject
Project("{9A19103F-16F7-4668-BE54-9A1E7A4F7556}") = "LS.Extensions", "Core\Commons\LS.Extensions\LS.Extensions.csproj", "{D49D5346-35B8-4FB0-B616-1D9D45BEB65F}"
EndProject
Project("{9A19103F-16F7-4668-BE54-9A1E7A4F7556}") = "Asyncvoid", "Experiments\Asyncvoid\Asyncvoid.csproj", "{644D6C17-6655-43DB-BFBC-AA0116444EC8}"
EndProject
Project("{9A19103F-16F7-4668-BE54-9A1E7A4F7556}") = "LS.Interfaces", "Core\Commons\LS.Interfaces\LS.Interfaces.csproj", "{A14A78DB-16F1-4042-9DF7-478A7469C88C}"
EndProject
Project("{2150E333-8FDC-42A3-9474-1A3956D46DE8}") = "Docs", "Docs", "{08175EC3-827B-4967-AB65-38E24E64B4AC}"
	ProjectSection(SolutionItems) = preProject
		..\..\Users\Adrian\Downloads\LS.drawio = ..\..\Users\Adrian\Downloads\LS.drawio
		Docs\msgtypes.txt = Docs\msgtypes.txt
	EndProjectSection
EndProject
Project("{9A19103F-16F7-4668-BE54-9A1E7A4F7556}") = "LS.Models", "Core\Commons\LS.Models\LS.Models.csproj", "{2F826C5D-4EC9-455F-BD90-349304C4289B}"
EndProject
Project("{9A19103F-16F7-4668-BE54-9A1E7A4F7556}") = "LS.Routes", "Core\Commons\LS.Routes\LS.Routes.csproj", "{C1858B91-29B2-4F6B-A179-48AD60C22E8F}"
EndProject
Global
	GlobalSection(SolutionConfigurationPlatforms) = preSolution
		Debug|Any CPU = Debug|Any CPU
		Release|Any CPU = Release|Any CPU
	EndGlobalSection
	GlobalSection(ProjectConfigurationPlatforms) = postSolution
		{04FFA242-372E-4587-8997-5BA8C38D2A7D}.Debug|Any CPU.ActiveCfg = Debug|Any CPU
		{04FFA242-372E-4587-8997-5BA8C38D2A7D}.Debug|Any CPU.Build.0 = Debug|Any CPU
		{04FFA242-372E-4587-8997-5BA8C38D2A7D}.Release|Any CPU.ActiveCfg = Release|Any CPU
		{04FFA242-372E-4587-8997-5BA8C38D2A7D}.Release|Any CPU.Build.0 = Release|Any CPU
		{33D83D0A-AE1F-46BE-868D-B4875D1DC350}.Debug|Any CPU.ActiveCfg = Debug|Any CPU
		{33D83D0A-AE1F-46BE-868D-B4875D1DC350}.Debug|Any CPU.Build.0 = Debug|Any CPU
		{33D83D0A-AE1F-46BE-868D-B4875D1DC350}.Release|Any CPU.ActiveCfg = Release|Any CPU
		{33D83D0A-AE1F-46BE-868D-B4875D1DC350}.Release|Any CPU.Build.0 = Release|Any CPU
		{C017F7F8-8ED0-40D9-9D58-FFD16DC4DF59}.Debug|Any CPU.ActiveCfg = Debug|Any CPU
		{C017F7F8-8ED0-40D9-9D58-FFD16DC4DF59}.Debug|Any CPU.Build.0 = Debug|Any CPU
		{C017F7F8-8ED0-40D9-9D58-FFD16DC4DF59}.Release|Any CPU.ActiveCfg = Release|Any CPU
		{C017F7F8-8ED0-40D9-9D58-FFD16DC4DF59}.Release|Any CPU.Build.0 = Release|Any CPU
		{D49D5346-35B8-4FB0-B616-1D9D45BEB65F}.Debug|Any CPU.ActiveCfg = Debug|Any CPU
		{D49D5346-35B8-4FB0-B616-1D9D45BEB65F}.Debug|Any CPU.Build.0 = Debug|Any CPU
		{D49D5346-35B8-4FB0-B616-1D9D45BEB65F}.Release|Any CPU.ActiveCfg = Release|Any CPU
		{D49D5346-35B8-4FB0-B616-1D9D45BEB65F}.Release|Any CPU.Build.0 = Release|Any CPU
		{644D6C17-6655-43DB-BFBC-AA0116444EC8}.Debug|Any CPU.ActiveCfg = Debug|Any CPU
		{644D6C17-6655-43DB-BFBC-AA0116444EC8}.Debug|Any CPU.Build.0 = Debug|Any CPU
		{644D6C17-6655-43DB-BFBC-AA0116444EC8}.Release|Any CPU.ActiveCfg = Release|Any CPU
		{644D6C17-6655-43DB-BFBC-AA0116444EC8}.Release|Any CPU.Build.0 = Release|Any CPU
		{A14A78DB-16F1-4042-9DF7-478A7469C88C}.Debug|Any CPU.ActiveCfg = Debug|Any CPU
		{A14A78DB-16F1-4042-9DF7-478A7469C88C}.Debug|Any CPU.Build.0 = Debug|Any CPU
		{A14A78DB-16F1-4042-9DF7-478A7469C88C}.Release|Any CPU.ActiveCfg = Release|Any CPU
		{A14A78DB-16F1-4042-9DF7-478A7469C88C}.Release|Any CPU.Build.0 = Release|Any CPU
		{2F826C5D-4EC9-455F-BD90-349304C4289B}.Debug|Any CPU.ActiveCfg = Debug|Any CPU
		{2F826C5D-4EC9-455F-BD90-349304C4289B}.Debug|Any CPU.Build.0 = Debug|Any CPU
		{2F826C5D-4EC9-455F-BD90-349304C4289B}.Release|Any CPU.ActiveCfg = Release|Any CPU
		{2F826C5D-4EC9-455F-BD90-349304C4289B}.Release|Any CPU.Build.0 = Release|Any CPU
		{C1858B91-29B2-4F6B-A179-48AD60C22E8F}.Debug|Any CPU.ActiveCfg = Debug|Any CPU
		{C1858B91-29B2-4F6B-A179-48AD60C22E8F}.Debug|Any CPU.Build.0 = Debug|Any CPU
		{C1858B91-29B2-4F6B-A179-48AD60C22E8F}.Release|Any CPU.ActiveCfg = Release|Any CPU
		{C1858B91-29B2-4F6B-A179-48AD60C22E8F}.Release|Any CPU.Build.0 = Release|Any CPU
	EndGlobalSection
	GlobalSection(SolutionProperties) = preSolution
		HideSolutionNode = FALSE
	EndGlobalSection
	GlobalSection(NestedProjects) = preSolution
		{04FFA242-372E-4587-8997-5BA8C38D2A7D} = {54952173-55E6-4B1C-9C2A-214685D71048}
		{33D83D0A-AE1F-46BE-868D-B4875D1DC350} = {54952173-55E6-4B1C-9C2A-214685D71048}
		{54952173-55E6-4B1C-9C2A-214685D71048} = {338AD8C8-15FB-40C1-A369-94CC527EBA5D}
		{1B795050-ADCC-4988-BB58-20980D1905AC} = {338AD8C8-15FB-40C1-A369-94CC527EBA5D}
		{DA9AD078-D80F-42C0-9AB8-D3E46B9B8CDF} = {1B795050-ADCC-4988-BB58-20980D1905AC}
		{24FCD6F5-6975-4E67-8C46-BB8F913FC5CF} = {1B795050-ADCC-4988-BB58-20980D1905AC}
		{7522CE99-2C89-48E1-9BF2-F17C088F0AD1} = {1B795050-ADCC-4988-BB58-20980D1905AC}
		{FE75EDB0-6B36-423E-8311-BB7FBACFF655} = {1B795050-ADCC-4988-BB58-20980D1905AC}
		{3E16F7EF-693B-470F-B161-55CED04304F6} = {1B795050-ADCC-4988-BB58-20980D1905AC}
		{4082E62E-813F-44C8-BCF7-3AF6E38B48B7} = {1B795050-ADCC-4988-BB58-20980D1905AC}
		{C017F7F8-8ED0-40D9-9D58-FFD16DC4DF59} = {24FCD6F5-6975-4E67-8C46-BB8F913FC5CF}
		{D49D5346-35B8-4FB0-B616-1D9D45BEB65F} = {FE75EDB0-6B36-423E-8311-BB7FBACFF655}
		{644D6C17-6655-43DB-BFBC-AA0116444EC8} = {2B3B7F4B-DA92-48A2-8C32-03348C943D69}
		{A14A78DB-16F1-4042-9DF7-478A7469C88C} = {4082E62E-813F-44C8-BCF7-3AF6E38B48B7}
		{2F826C5D-4EC9-455F-BD90-349304C4289B} = {7522CE99-2C89-48E1-9BF2-F17C088F0AD1}
		{C1858B91-29B2-4F6B-A179-48AD60C22E8F} = {24FCD6F5-6975-4E67-8C46-BB8F913FC5CF}
	EndGlobalSection
	GlobalSection(ExtensibilityGlobals) = postSolution
		SolutionGuid = {3982228B-D959-42E9-9A89-103AFD89F690}
	EndGlobalSection
EndGlobal
